
Microsoft Visual Studio Solution File, Format Version 12.00
# Visual Studio Version 16
VisualStudioVersion = 16.0.30608.117
MinimumVisualStudioVersion = 10.0.40219.1
Project("{FAE04EC0-301F-11D3-BF4B-00C04F79EFBC}") = "Automapper_Bug_Report_10_1_1", "Automapper_Bug_Report_10_1_1\Automapper_Bug_Report_10_1_1.csproj", "{B5B41E7A-CF98-417C-9099-0906C5E0B452}"
EndProject
Global
	GlobalSection(SolutionConfigurationPlatforms) = preSolution
		Debug|Any CPU = Debug|Any CPU
		Release|Any CPU = Release|Any CPU
	EndGlobalSection
	GlobalSection(ProjectConfigurationPlatforms) = postSolution
		{B5B41E7A-CF98-417C-9099-0906C5E0B452}.Debug|Any CPU.ActiveCfg = Debug|Any CPU
		{B5B41E7A-CF98-417C-9099-0906C5E0B452}.Debug|Any CPU.Build.0 = Debug|Any CPU
		{B5B41E7A-CF98-417C-9099-0906C5E0B452}.Release|Any CPU.ActiveCfg = Release|Any CPU
		{B5B41E7A-CF98-417C-9099-0906C5E0B452}.Release|Any CPU.Build.0 = Release|Any CPU
	EndGlobalSection
	GlobalSection(SolutionProperties) = preSolution
		HideSolutionNode = FALSE
	EndGlobalSection
	GlobalSection(ExtensibilityGlobals) = postSolution
		SolutionGuid = {9EE74044-4539-4708-8C45-708E93C2CAFA}
	EndGlobalSection
EndGlobal
